// !$*UTF8*$!
{
	archiveVersion = 1;
	classes = {
	};
	objectVersion = 46;
	objects = {

/* Begin PBXBuildFile section */
		0E98FFB858B273AD7F6E4135 /* libPods.a in Frameworks */ = {isa = PBXBuildFile; fileRef = A50E51F850B5ACE9E9C98816 /* libPods.a */; };
		7103E3091C9945DA006BE342 /* main.m in Sources */ = {isa = PBXBuildFile; fileRef = 7103E3081C9945DA006BE342 /* main.m */; };
		7103E30C1C9945DA006BE342 /* AppDelegate.m in Sources */ = {isa = PBXBuildFile; fileRef = 7103E30B1C9945DA006BE342 /* AppDelegate.m */; };
		7103E3171C9945DA006BE342 /* Assets.xcassets in Resources */ = {isa = PBXBuildFile; fileRef = 7103E3161C9945DA006BE342 /* Assets.xcassets */; };
		7103E31A1C9945DA006BE342 /* LaunchScreen.storyboard in Resources */ = {isa = PBXBuildFile; fileRef = 7103E3181C9945DA006BE342 /* LaunchScreen.storyboard */; };
		7103E3251C9945DA006BE342 /* ___tabbarTests.m in Sources */ = {isa = PBXBuildFile; fileRef = 7103E3241C9945DA006BE342 /* ___tabbarTests.m */; };
		7103E3301C9945DA006BE342 /* ___tabbarUITests.m in Sources */ = {isa = PBXBuildFile; fileRef = 7103E32F1C9945DA006BE342 /* ___tabbarUITests.m */; };
		7103E33F1C99461C006BE342 /* firstViewController.m in Sources */ = {isa = PBXBuildFile; fileRef = 7103E33E1C99461C006BE342 /* firstViewController.m */; };
		7103E3421C994647006BE342 /* SecondViewController.m in Sources */ = {isa = PBXBuildFile; fileRef = 7103E3411C994647006BE342 /* SecondViewController.m */; };
		7103E3451C994659006BE342 /* ThereViewController.m in Sources */ = {isa = PBXBuildFile; fileRef = 7103E3441C994659006BE342 /* ThereViewController.m */; };
		7103E3481C994669006BE342 /* FourthViewController.m in Sources */ = {isa = PBXBuildFile; fileRef = 7103E3471C994669006BE342 /* FourthViewController.m */; };
		7103E34C1C9946D1006BE342 /* XDTarBarViewController.m in Sources */ = {isa = PBXBuildFile; fileRef = 7103E34B1C9946D1006BE342 /* XDTarBarViewController.m */; };
		7103E3901C9954BE006BE342 /* ah_groupView_back@2x.png in Resources */ = {isa = PBXBuildFile; fileRef = 7103E34E1C9954BE006BE342 /* ah_groupView_back@2x.png */; };
		7103E3911C9954BE006BE342 /* bar_bg_mask_left@2x.png in Resources */ = {isa = PBXBuildFile; fileRef = 7103E34F1C9954BE006BE342 /* bar_bg_mask_left@2x.png */; };
		7103E3921C9954BE006BE342 /* bar_bg_mask_right@2x.png in Resources */ = {isa = PBXBuildFile; fileRef = 7103E3501C9954BE006BE342 /* bar_bg_mask_right@2x.png */; };
		7103E3931C9954BE006BE342 /* bar_btn_icon_album@2x.png in Resources */ = {isa = PBXBuildFile; fileRef = 7103E3511C9954BE006BE342 /* bar_btn_icon_album@2x.png */; };
		7103E3941C9954BE006BE342 /* bar_btn_icon_collect@2x.png in Resources */ = {isa = PBXBuildFile; fileRef = 7103E3521C9954BE006BE342 /* bar_btn_icon_collect@2x.png */; };
		7103E3951C9954BE006BE342 /* bar_btn_icon_collect_white@2x.png in Resources */ = {isa = PBXBuildFile; fileRef = 7103E3531C9954BE006BE342 /* bar_btn_icon_collect_white@2x.png */; };
		7103E3961C9954BE006BE342 /* bar_btn_icon_collected@2x.png in Resources */ = {isa = PBXBuildFile; fileRef = 7103E3541C9954BE006BE342 /* bar_btn_icon_collected@2x.png */; };
		7103E3971C9954BE006BE342 /* bar_btn_icon_posting@2x.png in Resources */ = {isa = PBXBuildFile; fileRef = 7103E3551C9954BE006BE342 /* bar_btn_icon_posting@2x.png */; };
		7103E3981C9954BE006BE342 /* bar_btn_icon_returntext@2x.png in Resources */ = {isa = PBXBuildFile; fileRef = 7103E3561C9954BE006BE342 /* bar_btn_icon_returntext@2x.png */; };
		7103E3991C9954BE006BE342 /* bar_btn_icon_search@2x.png in Resources */ = {isa = PBXBuildFile; fileRef = 7103E3571C9954BE006BE342 /* bar_btn_icon_search@2x.png */; };
		7103E39A1C9954BE006BE342 /* bar_btn_icon_setup@2x.png in Resources */ = {isa = PBXBuildFile; fileRef = 7103E3581C9954BE006BE342 /* bar_btn_icon_setup@2x.png */; };
		7103E39B1C9954BE006BE342 /* bar_btn_icon_shut@2x.png in Resources */ = {isa = PBXBuildFile; fileRef = 7103E3591C9954BE006BE342 /* bar_btn_icon_shut@2x.png */; };
		7103E39C1C9954BE006BE342 /* bg_marrow@2x.png in Resources */ = {isa = PBXBuildFile; fileRef = 7103E35A1C9954BE006BE342 /* bg_marrow@2x.png */; };
		7103E39D1C9954BE006BE342 /* black_default_640_320.png in Resources */ = {isa = PBXBuildFile; fileRef = 7103E35B1C9954BE006BE342 /* black_default_640_320.png */; };
		7103E39E1C9954BE006BE342 /* black_default_80_80.png in Resources */ = {isa = PBXBuildFile; fileRef = 7103E35C1C9954BE006BE342 /* black_default_80_80.png */; };
		7103E39F1C9954BE006BE342 /* black_page_icon_empty@2x.png in Resources */ = {isa = PBXBuildFile; fileRef = 7103E35D1C9954BE006BE342 /* black_page_icon_empty@2x.png */; };
		7103E3A01C9954BE006BE342 /* black_tagBar_bg_arrow@2x.png in Resources */ = {isa = PBXBuildFile; fileRef = 7103E35E1C9954BE006BE342 /* black_tagBar_bg_arrow@2x.png */; };
		7103E3A11C9954BE006BE342 /* black_userpic_default_big@2x.png in Resources */ = {isa = PBXBuildFile; fileRef = 7103E35F1C9954BE006BE342 /* black_userpic_default_big@2x.png */; };
		7103E3A21C9954BE006BE342 /* btn_icon_calculate@2x.png in Resources */ = {isa = PBXBuildFile; fileRef = 7103E3601C9954BE006BE342 /* btn_icon_calculate@2x.png */; };
		7103E3A31C9954BE006BE342 /* btn_icon_inquiry@2x.png in Resources */ = {isa = PBXBuildFile; fileRef = 7103E3611C9954BE006BE342 /* btn_icon_inquiry@2x.png */; };
		7103E3A41C9954BE006BE342 /* btn_icon_reply@2x.png in Resources */ = {isa = PBXBuildFile; fileRef = 7103E3621C9954BE006BE342 /* btn_icon_reply@2x.png */; };
		7103E3A51C9954BE006BE342 /* btn_icon_vs@2x.png in Resources */ = {isa = PBXBuildFile; fileRef = 7103E3631C9954BE006BE342 /* btn_icon_vs@2x.png */; };
		7103E3A61C9954BE006BE342 /* Default-568h@2x.png in Resources */ = {isa = PBXBuildFile; fileRef = 7103E3641C9954BE006BE342 /* Default-568h@2x.png */; };
		7103E3A71C9954BE006BE342 /* Default@2x.png in Resources */ = {isa = PBXBuildFile; fileRef = 7103E3651C9954BE006BE342 /* Default@2x.png */; };
		7103E3A81C9954BE006BE342 /* default_160_120@2x.png in Resources */ = {isa = PBXBuildFile; fileRef = 7103E3661C9954BE006BE342 /* default_160_120@2x.png */; };
		7103E3A91C9954BE006BE342 /* default_640_320@2x.png in Resources */ = {isa = PBXBuildFile; fileRef = 7103E3671C9954BE006BE342 /* default_640_320@2x.png */; };
		7103E3AA1C9954BE006BE342 /* fame_icon_fraction@2x.png in Resources */ = {isa = PBXBuildFile; fileRef = 7103E3681C9954BE006BE342 /* fame_icon_fraction@2x.png */; };
		7103E3AB1C9954BE006BE342 /* filterbar_icon_arrow@2x.png in Resources */ = {isa = PBXBuildFile; fileRef = 7103E3691C9954BE006BE342 /* filterbar_icon_arrow@2x.png */; };
		7103E3AC1C9954BE006BE342 /* findcar_icon_collect@2x.png in Resources */ = {isa = PBXBuildFile; fileRef = 7103E36A1C9954BE006BE342 /* findcar_icon_collect@2x.png */; };
		7103E3AD1C9954BE006BE342 /* forum_icon_auto@2x.png in Resources */ = {isa = PBXBuildFile; fileRef = 7103E36B1C9954BE006BE342 /* forum_icon_auto@2x.png */; };
		7103E3AE1C9954BE006BE342 /* forum_icon_location@2x.png in Resources */ = {isa = PBXBuildFile; fileRef = 7103E36C1C9954BE006BE342 /* forum_icon_location@2x.png */; };
		7103E3AF1C9954BE006BE342 /* forum_icon_theme@2x.png in Resources */ = {isa = PBXBuildFile; fileRef = 7103E36D1C9954BE006BE342 /* forum_icon_theme@2x.png */; };
		7103E3B01C9954BE006BE342 /* Icon.png in Resources */ = {isa = PBXBuildFile; fileRef = 7103E36E1C9954BE006BE342 /* Icon.png */; };
		7103E3B11C9954BE006BE342 /* icon_hand@2x.png in Resources */ = {isa = PBXBuildFile; fileRef = 7103E36F1C9954BE006BE342 /* icon_hand@2x.png */; };
		7103E3B21C9954BE006BE342 /* icon_hot@2x.png in Resources */ = {isa = PBXBuildFile; fileRef = 7103E3701C9954BE006BE342 /* icon_hot@2x.png */; };
		7103E3B31C9954BE006BE342 /* icon_phone@2x.png in Resources */ = {isa = PBXBuildFile; fileRef = 7103E3711C9954BE006BE342 /* icon_phone@2x.png */; };
		7103E3B41C9954BE006BE342 /* item01@2x.png in Resources */ = {isa = PBXBuildFile; fileRef = 7103E3721C9954BE006BE342 /* item01@2x.png */; };
		7103E3B51C9954BE006BE342 /* item01_selected@2x.png in Resources */ = {isa = PBXBuildFile; fileRef = 7103E3731C9954BE006BE342 /* item01_selected@2x.png */; };
		7103E3B61C9954BE006BE342 /* item02@2x.png in Resources */ = {isa = PBXBuildFile; fileRef = 7103E3741C9954BE006BE342 /* item02@2x.png */; };
		7103E3B71C9954BE006BE342 /* item02_selected@2x.png in Resources */ = {isa = PBXBuildFile; fileRef = 7103E3751C9954BE006BE342 /* item02_selected@2x.png */; };
		7103E3B81C9954BE006BE342 /* item03@2x.png in Resources */ = {isa = PBXBuildFile; fileRef = 7103E3761C9954BE006BE342 /* item03@2x.png */; };
		7103E3B91C9954BE006BE342 /* item03_selected@2x.png in Resources */ = {isa = PBXBuildFile; fileRef = 7103E3771C9954BE006BE342 /* item03_selected@2x.png */; };
		7103E3BA1C9954BE006BE342 /* item04@2x.png in Resources */ = {isa = PBXBuildFile; fileRef = 7103E3781C9954BE006BE342 /* item04@2x.png */; };
		7103E3BB1C9954BE006BE342 /* item04_selected@2x.png in Resources */ = {isa = PBXBuildFile; fileRef = 7103E3791C9954BE006BE342 /* item04_selected@2x.png */; };
		7103E3BC1C9954BE006BE342 /* item05@2x.png in Resources */ = {isa = PBXBuildFile; fileRef = 7103E37A1C9954BE006BE342 /* item05@2x.png */; };
		7103E3BD1C9954BE006BE342 /* item05_selected@2x.png in Resources */ = {isa = PBXBuildFile; fileRef = 7103E37B1C9954BE006BE342 /* item05_selected@2x.png */; };
		7103E3BE1C9954BE006BE342 /* listView_icon_pic@2x.png in Resources */ = {isa = PBXBuildFile; fileRef = 7103E37C1C9954BE006BE342 /* listView_icon_pic@2x.png */; };
		7103E3BF1C9954BE006BE342 /* page_icon_empty@2x.png in Resources */ = {isa = PBXBuildFile; fileRef = 7103E37D1C9954BE006BE342 /* page_icon_empty@2x.png */; };
		7103E3C01C9954BE006BE342 /* userfunction_bg_calculators@2x.png in Resources */ = {isa = PBXBuildFile; fileRef = 7103E37E1C9954BE006BE342 /* userfunction_bg_calculators@2x.png */; };
		7103E3C11C9954BE006BE342 /* userfunction_bg_collect@2x.png in Resources */ = {isa = PBXBuildFile; fileRef = 7103E37F1C9954BE006BE342 /* userfunction_bg_collect@2x.png */; };
		7103E3C21C9954BE006BE342 /* userfunction_bg_contrast@2x.png in Resources */ = {isa = PBXBuildFile; fileRef = 7103E3801C9954BE006BE342 /* userfunction_bg_contrast@2x.png */; };
		7103E3C31C9954BE006BE342 /* userfunction_bg_daymode@2x.png in Resources */ = {isa = PBXBuildFile; fileRef = 7103E3811C9954BE006BE342 /* userfunction_bg_daymode@2x.png */; };
		7103E3C41C9954BE006BE342 /* userfunction_bg_diandongche@2x.png in Resources */ = {isa = PBXBuildFile; fileRef = 7103E3821C9954BE006BE342 /* userfunction_bg_diandongche@2x.png */; };
		7103E3C51C9954BE006BE342 /* userfunction_bg_draft@2x.png in Resources */ = {isa = PBXBuildFile; fileRef = 7103E3831C9954BE006BE342 /* userfunction_bg_draft@2x.png */; };
		7103E3C61C9954BE006BE342 /* userfunction_bg_history@2x.png in Resources */ = {isa = PBXBuildFile; fileRef = 7103E3841C9954BE006BE342 /* userfunction_bg_history@2x.png */; };
		7103E3C71C9954BE006BE342 /* userfunction_bg_jifen@2x.png in Resources */ = {isa = PBXBuildFile; fileRef = 7103E3851C9954BE006BE342 /* userfunction_bg_jifen@2x.png */; };
		7103E3C81C9954BE006BE342 /* userfunction_bg_nightmode@2x.png in Resources */ = {isa = PBXBuildFile; fileRef = 7103E3861C9954BE006BE342 /* userfunction_bg_nightmode@2x.png */; };
		7103E3C91C9954BE006BE342 /* userfunction_bg_posts@2x.png in Resources */ = {isa = PBXBuildFile; fileRef = 7103E3871C9954BE006BE342 /* userfunction_bg_posts@2x.png */; };
		7103E3CA1C9954BE006BE342 /* userfunction_bg_shop@2x.png in Resources */ = {isa = PBXBuildFile; fileRef = 7103E3881C9954BE006BE342 /* userfunction_bg_shop@2x.png */; };
		7103E3CB1C9954BE006BE342 /* userfunction_bg_usedcars@2x.png in Resources */ = {isa = PBXBuildFile; fileRef = 7103E3891C9954BE006BE342 /* userfunction_bg_usedcars@2x.png */; };
		7103E3CC1C9954BE006BE342 /* userfunction_bg_violate@2x.png in Resources */ = {isa = PBXBuildFile; fileRef = 7103E38A1C9954BE006BE342 /* userfunction_bg_violate@2x.png */; };
		7103E3CD1C9954BE006BE342 /* userfunction_icon_upkeep@2x.png in Resources */ = {isa = PBXBuildFile; fileRef = 7103E38B1C9954BE006BE342 /* userfunction_icon_upkeep@2x.png */; };
		7103E3CE1C9954BE006BE342 /* userpic_default@2x.png in Resources */ = {isa = PBXBuildFile; fileRef = 7103E38C1C9954BE006BE342 /* userpic_default@2x.png */; };
		7103E3CF1C9954BE006BE342 /* userpic_default_big@2x.png in Resources */ = {isa = PBXBuildFile; fileRef = 7103E38D1C9954BE006BE342 /* userpic_default_big@2x.png */; };
		7103E3D01C9954BE006BE342 /* 最新跟帖@2x.png in Resources */ = {isa = PBXBuildFile; fileRef = 7103E38E1C9954BE006BE342 /* 最新跟帖@2x.png */; };
		7103E3D11C9954BE006BE342 /* 热门跟帖@2x.png in Resources */ = {isa = PBXBuildFile; fileRef = 7103E38F1C9954BE006BE342 /* 热门跟帖@2x.png */; };
		7103E3E11C995EF5006BE342 /* bb1-over@2x.png in Resources */ = {isa = PBXBuildFile; fileRef = 7103E3D21C995EF5006BE342 /* bb1-over@2x.png */; };
		7103E3E21C995EF5006BE342 /* bb1-over@3x.png in Resources */ = {isa = PBXBuildFile; fileRef = 7103E3D31C995EF5006BE342 /* bb1-over@3x.png */; };
		7103E3E31C995EF5006BE342 /* bb1-up@2x.png in Resources */ = {isa = PBXBuildFile; fileRef = 7103E3D41C995EF5006BE342 /* bb1-up@2x.png */; };
		7103E3E41C995EF5006BE342 /* bb1-up@3x.png in Resources */ = {isa = PBXBuildFile; fileRef = 7103E3D51C995EF5006BE342 /* bb1-up@3x.png */; };
		7103E3E51C995EF5006BE342 /* bb2-over@2x.png in Resources */ = {isa = PBXBuildFile; fileRef = 7103E3D61C995EF5006BE342 /* bb2-over@2x.png */; };
		7103E3E61C995EF5006BE342 /* bb2-over@3x.png in Resources */ = {isa = PBXBuildFile; fileRef = 7103E3D71C995EF5006BE342 /* bb2-over@3x.png */; };
		7103E3E71C995EF5006BE342 /* bb2-up@2x.png in Resources */ = {isa = PBXBuildFile; fileRef = 7103E3D81C995EF5006BE342 /* bb2-up@2x.png */; };
		7103E3E81C995EF5006BE342 /* bb3-over@2x.png in Resources */ = {isa = PBXBuildFile; fileRef = 7103E3D91C995EF5006BE342 /* bb3-over@2x.png */; };
		7103E3E91C995EF5006BE342 /* bb3-over@3x.png in Resources */ = {isa = PBXBuildFile; fileRef = 7103E3DA1C995EF5006BE342 /* bb3-over@3x.png */; };
		7103E3EA1C995EF5006BE342 /* bb3-up@2x.png in Resources */ = {isa = PBXBuildFile; fileRef = 7103E3DB1C995EF5006BE342 /* bb3-up@2x.png */; };
		7103E3EB1C995EF5006BE342 /* bb3-up@3x.png in Resources */ = {isa = PBXBuildFile; fileRef = 7103E3DC1C995EF5006BE342 /* bb3-up@3x.png */; };
		7103E3EC1C995EF5006BE342 /* bb4-over@2x.png in Resources */ = {isa = PBXBuildFile; fileRef = 7103E3DD1C995EF5006BE342 /* bb4-over@2x.png */; };
		7103E3ED1C995EF5006BE342 /* bb4-over@3x.png in Resources */ = {isa = PBXBuildFile; fileRef = 7103E3DE1C995EF5006BE342 /* bb4-over@3x.png */; };
		7103E3EE1C995EF5006BE342 /* bb5@2x.png in Resources */ = {isa = PBXBuildFile; fileRef = 7103E3DF1C995EF5006BE342 /* bb5@2x.png */; };
		7103E3EF1C995EF5006BE342 /* bb5@3x.png in Resources */ = {isa = PBXBuildFile; fileRef = 7103E3E01C995EF5006BE342 /* bb5@3x.png */; };
		712D202E1C9A8739003A4115 /* ICSDrawerController.m in Sources */ = {isa = PBXBuildFile; fileRef = 712D202B1C9A8739003A4115 /* ICSDrawerController.m */; };
		712D202F1C9A8739003A4115 /* ICSDropShadowView.m in Sources */ = {isa = PBXBuildFile; fileRef = 712D202D1C9A8739003A4115 /* ICSDropShadowView.m */; };
		7194FC1B1CDA01560043A13F /* XdTabView.m in Sources */ = {isa = PBXBuildFile; fileRef = 7194FC1A1CDA01560043A13F /* XdTabView.m */; };
		71BE94C21C9BD33C001769BA /* LeftViewController.m in Sources */ = {isa = PBXBuildFile; fileRef = 71BE94C11C9BD33C001769BA /* LeftViewController.m */; };
		71E0EE1E1CDAF0B400A68707 /* BaseTableViewController.m in Sources */ = {isa = PBXBuildFile; fileRef = 71E0EE1D1CDAF0B400A68707 /* BaseTableViewController.m */; };
/* End PBXBuildFile section */

/* Begin PBXContainerItemProxy section */
		7103E3211C9945DA006BE342 /* PBXContainerItemProxy */ = {
			isa = PBXContainerItemProxy;
			containerPortal = 7103E2FC1C9945D9006BE342 /* Project object */;
			proxyType = 1;
			remoteGlobalIDString = 7103E3031C9945D9006BE342;
			remoteInfo = "自定义tabbar";
		};
		7103E32C1C9945DA006BE342 /* PBXContainerItemProxy */ = {
			isa = PBXContainerItemProxy;
			containerPortal = 7103E2FC1C9945D9006BE342 /* Project object */;
			proxyType = 1;
			remoteGlobalIDString = 7103E3031C9945D9006BE342;
			remoteInfo = "自定义tabbar";
		};
/* End PBXContainerItemProxy section */

/* Begin PBXFileReference section */
		16EA8168B7E5EE41324477FE /* Pods.release.xcconfig */ = {isa = PBXFileReference; includeInIndex = 1; lastKnownFileType = text.xcconfig; name = Pods.release.xcconfig; path = "Pods/Target Support Files/Pods/Pods.release.xcconfig"; sourceTree = "<group>"; };
		40DA2D0BF6AD323F8CEC6315 /* Pods.debug.xcconfig */ = {isa = PBXFileReference; includeInIndex = 1; lastKnownFileType = text.xcconfig; name = Pods.debug.xcconfig; path = "Pods/Target Support Files/Pods/Pods.debug.xcconfig"; sourceTree = "<group>"; };
		7103E3041C9945D9006BE342 /* 自定义tabbar.app */ = {isa = PBXFileReference; explicitFileType = wrapper.application; includeInIndex = 0; path = "自定义tabbar.app"; sourceTree = BUILT_PRODUCTS_DIR; };
		7103E3081C9945DA006BE342 /* main.m */ = {isa = PBXFileReference; lastKnownFileType = sourcecode.c.objc; path = main.m; sourceTree = "<group>"; };
		7103E30A1C9945DA006BE342 /* AppDelegate.h */ = {isa = PBXFileReference; lastKnownFileType = sourcecode.c.h; path = AppDelegate.h; sourceTree = "<group>"; };
		7103E30B1C9945DA006BE342 /* AppDelegate.m */ = {isa = PBXFileReference; lastKnownFileType = sourcecode.c.objc; path = AppDelegate.m; sourceTree = "<group>"; };
		7103E3161C9945DA006BE342 /* Assets.xcassets */ = {isa = PBXFileReference; lastKnownFileType = folder.assetcatalog; path = Assets.xcassets; sourceTree = "<group>"; };
		7103E3191C9945DA006BE342 /* Base */ = {isa = PBXFileReference; lastKnownFileType = file.storyboard; name = Base; path = Base.lproj/LaunchScreen.storyboard; sourceTree = "<group>"; };
		7103E31B1C9945DA006BE342 /* Info.plist */ = {isa = PBXFileReference; lastKnownFileType = text.plist.xml; path = Info.plist; sourceTree = "<group>"; };
		7103E3201C9945DA006BE342 /* 自定义tabbarTests.xctest */ = {isa = PBXFileReference; explicitFileType = wrapper.cfbundle; includeInIndex = 0; path = "自定义tabbarTests.xctest"; sourceTree = BUILT_PRODUCTS_DIR; };
		7103E3241C9945DA006BE342 /* ___tabbarTests.m */ = {isa = PBXFileReference; lastKnownFileType = sourcecode.c.objc; path = "___tabbarTests.m"; sourceTree = "<group>"; };
		7103E3261C9945DA006BE342 /* Info.plist */ = {isa = PBXFileReference; lastKnownFileType = text.plist.xml; path = Info.plist; sourceTree = "<group>"; };
		7103E32B1C9945DA006BE342 /* 自定义tabbarUITests.xctest */ = {isa = PBXFileReference; explicitFileType = wrapper.cfbundle; includeInIndex = 0; path = "自定义tabbarUITests.xctest"; sourceTree = BUILT_PRODUCTS_DIR; };
		7103E32F1C9945DA006BE342 /* ___tabbarUITests.m */ = {isa = PBXFileReference; lastKnownFileType = sourcecode.c.objc; path = "___tabbarUITests.m"; sourceTree = "<group>"; };
		7103E3311C9945DA006BE342 /* Info.plist */ = {isa = PBXFileReference; lastKnownFileType = text.plist.xml; path = Info.plist; sourceTree = "<group>"; };
		7103E33D1C99461C006BE342 /* firstViewController.h */ = {isa = PBXFileReference; fileEncoding = 4; lastKnownFileType = sourcecode.c.h; path = firstViewController.h; sourceTree = "<group>"; };
		7103E33E1C99461C006BE342 /* firstViewController.m */ = {isa = PBXFileReference; fileEncoding = 4; lastKnownFileType = sourcecode.c.objc; path = firstViewController.m; sourceTree = "<group>"; };
		7103E3401C994647006BE342 /* SecondViewController.h */ = {isa = PBXFileReference; fileEncoding = 4; lastKnownFileType = sourcecode.c.h; path = SecondViewController.h; sourceTree = "<group>"; };
		7103E3411C994647006BE342 /* SecondViewController.m */ = {isa = PBXFileReference; fileEncoding = 4; lastKnownFileType = sourcecode.c.objc; path = SecondViewController.m; sourceTree = "<group>"; };
		7103E3431C994659006BE342 /* ThereViewController.h */ = {isa = PBXFileReference; fileEncoding = 4; lastKnownFileType = sourcecode.c.h; path = ThereViewController.h; sourceTree = "<group>"; };
		7103E3441C994659006BE342 /* ThereViewController.m */ = {isa = PBXFileReference; fileEncoding = 4; lastKnownFileType = sourcecode.c.objc; path = ThereViewController.m; sourceTree = "<group>"; };
		7103E3461C994669006BE342 /* FourthViewController.h */ = {isa = PBXFileReference; fileEncoding = 4; lastKnownFileType = sourcecode.c.h; path = FourthViewController.h; sourceTree = "<group>"; };
		7103E3471C994669006BE342 /* FourthViewController.m */ = {isa = PBXFileReference; fileEncoding = 4; lastKnownFileType = sourcecode.c.objc; path = FourthViewController.m; sourceTree = "<group>"; };
		7103E34A1C9946D1006BE342 /* XDTarBarViewController.h */ = {isa = PBXFileReference; fileEncoding = 4; lastKnownFileType = sourcecode.c.h; path = XDTarBarViewController.h; sourceTree = "<group>"; };
		7103E34B1C9946D1006BE342 /* XDTarBarViewController.m */ = {isa = PBXFileReference; fileEncoding = 4; lastKnownFileType = sourcecode.c.objc; path = XDTarBarViewController.m; sourceTree = "<group>"; };
		7103E34E1C9954BE006BE342 /* ah_groupView_back@2x.png */ = {isa = PBXFileReference; lastKnownFileType = image.png; path = "ah_groupView_back@2x.png"; sourceTree = "<group>"; };
		7103E34F1C9954BE006BE342 /* bar_bg_mask_left@2x.png */ = {isa = PBXFileReference; lastKnownFileType = image.png; path = "bar_bg_mask_left@2x.png"; sourceTree = "<group>"; };
		7103E3501C9954BE006BE342 /* bar_bg_mask_right@2x.png */ = {isa = PBXFileReference; lastKnownFileType = image.png; path = "bar_bg_mask_right@2x.png"; sourceTree = "<group>"; };
		7103E3511C9954BE006BE342 /* bar_btn_icon_album@2x.png */ = {isa = PBXFileReference; lastKnownFileType = image.png; path = "bar_btn_icon_album@2x.png"; sourceTree = "<group>"; };
		7103E3521C9954BE006BE342 /* bar_btn_icon_collect@2x.png */ = {isa = PBXFileReference; lastKnownFileType = image.png; path = "bar_btn_icon_collect@2x.png"; sourceTree = "<group>"; };
		7103E3531C9954BE006BE342 /* bar_btn_icon_collect_white@2x.png */ = {isa = PBXFileReference; lastKnownFileType = image.png; path = "bar_btn_icon_collect_white@2x.png"; sourceTree = "<group>"; };
		7103E3541C9954BE006BE342 /* bar_btn_icon_collected@2x.png */ = {isa = PBXFileReference; lastKnownFileType = image.png; path = "bar_btn_icon_collected@2x.png"; sourceTree = "<group>"; };
		7103E3551C9954BE006BE342 /* bar_btn_icon_posting@2x.png */ = {isa = PBXFileReference; lastKnownFileType = image.png; path = "bar_btn_icon_posting@2x.png"; sourceTree = "<group>"; };
		7103E3561C9954BE006BE342 /* bar_btn_icon_returntext@2x.png */ = {isa = PBXFileReference; lastKnownFileType = image.png; path = "bar_btn_icon_returntext@2x.png"; sourceTree = "<group>"; };
		7103E3571C9954BE006BE342 /* bar_btn_icon_search@2x.png */ = {isa = PBXFileReference; lastKnownFileType = image.png; path = "bar_btn_icon_search@2x.png"; sourceTree = "<group>"; };
		7103E3581C9954BE006BE342 /* bar_btn_icon_setup@2x.png */ = {isa = PBXFileReference; lastKnownFileType = image.png; path = "bar_btn_icon_setup@2x.png"; sourceTree = "<group>"; };
		7103E3591C9954BE006BE342 /* bar_btn_icon_shut@2x.png */ = {isa = PBXFileReference; lastKnownFileType = image.png; path = "bar_btn_icon_shut@2x.png"; sourceTree = "<group>"; };
		7103E35A1C9954BE006BE342 /* bg_marrow@2x.png */ = {isa = PBXFileReference; lastKnownFileType = image.png; path = "bg_marrow@2x.png"; sourceTree = "<group>"; };
		7103E35B1C9954BE006BE342 /* black_default_640_320.png */ = {isa = PBXFileReference; lastKnownFileType = image.png; path = black_default_640_320.png; sourceTree = "<group>"; };
		7103E35C1C9954BE006BE342 /* black_default_80_80.png */ = {isa = PBXFileReference; lastKnownFileType = image.png; path = black_default_80_80.png; sourceTree = "<group>"; };
		7103E35D1C9954BE006BE342 /* black_page_icon_empty@2x.png */ = {isa = PBXFileReference; lastKnownFileType = image.png; path = "black_page_icon_empty@2x.png"; sourceTree = "<group>"; };
		7103E35E1C9954BE006BE342 /* black_tagBar_bg_arrow@2x.png */ = {isa = PBXFileReference; lastKnownFileType = image.png; path = "black_tagBar_bg_arrow@2x.png"; sourceTree = "<group>"; };
		7103E35F1C9954BE006BE342 /* black_userpic_default_big@2x.png */ = {isa = PBXFileReference; lastKnownFileType = image.png; path = "black_userpic_default_big@2x.png"; sourceTree = "<group>"; };
		7103E3601C9954BE006BE342 /* btn_icon_calculate@2x.png */ = {isa = PBXFileReference; lastKnownFileType = image.png; path = "btn_icon_calculate@2x.png"; sourceTree = "<group>"; };
		7103E3611C9954BE006BE342 /* btn_icon_inquiry@2x.png */ = {isa = PBXFileReference; lastKnownFileType = image.png; path = "btn_icon_inquiry@2x.png"; sourceTree = "<group>"; };
		7103E3621C9954BE006BE342 /* btn_icon_reply@2x.png */ = {isa = PBXFileReference; lastKnownFileType = image.png; path = "btn_icon_reply@2x.png"; sourceTree = "<group>"; };
		7103E3631C9954BE006BE342 /* btn_icon_vs@2x.png */ = {isa = PBXFileReference; lastKnownFileType = image.png; path = "btn_icon_vs@2x.png"; sourceTree = "<group>"; };
		7103E3641C9954BE006BE342 /* Default-568h@2x.png */ = {isa = PBXFileReference; lastKnownFileType = image.png; path = "Default-568h@2x.png"; sourceTree = "<group>"; };
		7103E3651C9954BE006BE342 /* Default@2x.png */ = {isa = PBXFileReference; lastKnownFileType = image.png; path = "Default@2x.png"; sourceTree = "<group>"; };
		7103E3661C9954BE006BE342 /* default_160_120@2x.png */ = {isa = PBXFileReference; lastKnownFileType = image.png; path = "default_160_120@2x.png"; sourceTree = "<group>"; };
		7103E3671C9954BE006BE342 /* default_640_320@2x.png */ = {isa = PBXFileReference; lastKnownFileType = image.png; path = "default_640_320@2x.png"; sourceTree = "<group>"; };
		7103E3681C9954BE006BE342 /* fame_icon_fraction@2x.png */ = {isa = PBXFileReference; lastKnownFileType = image.png; path = "fame_icon_fraction@2x.png"; sourceTree = "<group>"; };
		7103E3691C9954BE006BE342 /* filterbar_icon_arrow@2x.png */ = {isa = PBXFileReference; lastKnownFileType = image.png; path = "filterbar_icon_arrow@2x.png"; sourceTree = "<group>"; };
		7103E36A1C9954BE006BE342 /* findcar_icon_collect@2x.png */ = {isa = PBXFileReference; lastKnownFileType = image.png; path = "findcar_icon_collect@2x.png"; sourceTree = "<group>"; };
		7103E36B1C9954BE006BE342 /* forum_icon_auto@2x.png */ = {isa = PBXFileReference; lastKnownFileType = image.png; path = "forum_icon_auto@2x.png"; sourceTree = "<group>"; };
		7103E36C1C9954BE006BE342 /* forum_icon_location@2x.png */ = {isa = PBXFileReference; lastKnownFileType = image.png; path = "forum_icon_location@2x.png"; sourceTree = "<group>"; };
		7103E36D1C9954BE006BE342 /* forum_icon_theme@2x.png */ = {isa = PBXFileReference; lastKnownFileType = image.png; path = "forum_icon_theme@2x.png"; sourceTree = "<group>"; };
		7103E36E1C9954BE006BE342 /* Icon.png */ = {isa = PBXFileReference; lastKnownFileType = image.png; path = Icon.png; sourceTree = "<group>"; };
		7103E36F1C9954BE006BE342 /* icon_hand@2x.png */ = {isa = PBXFileReference; lastKnownFileType = image.png; path = "icon_hand@2x.png"; sourceTree = "<group>"; };
		7103E3701C9954BE006BE342 /* icon_hot@2x.png */ = {isa = PBXFileReference; lastKnownFileType = image.png; path = "icon_hot@2x.png"; sourceTree = "<group>"; };
		7103E3711C9954BE006BE342 /* icon_phone@2x.png */ = {isa = PBXFileReference; lastKnownFileType = image.png; path = "icon_phone@2x.png"; sourceTree = "<group>"; };
		7103E3721C9954BE006BE342 /* item01@2x.png */ = {isa = PBXFileReference; lastKnownFileType = image.png; path = "item01@2x.png"; sourceTree = "<group>"; };
		7103E3731C9954BE006BE342 /* item01_selected@2x.png */ = {isa = PBXFileReference; lastKnownFileType = image.png; path = "item01_selected@2x.png"; sourceTree = "<group>"; };
		7103E3741C9954BE006BE342 /* item02@2x.png */ = {isa = PBXFileReference; lastKnownFileType = image.png; path = "item02@2x.png"; sourceTree = "<group>"; };
		7103E3751C9954BE006BE342 /* item02_selected@2x.png */ = {isa = PBXFileReference; lastKnownFileType = image.png; path = "item02_selected@2x.png"; sourceTree = "<group>"; };
		7103E3761C9954BE006BE342 /* item03@2x.png */ = {isa = PBXFileReference; lastKnownFileType = image.png; path = "item03@2x.png"; sourceTree = "<group>"; };
		7103E3771C9954BE006BE342 /* item03_selected@2x.png */ = {isa = PBXFileReference; lastKnownFileType = image.png; path = "item03_selected@2x.png"; sourceTree = "<group>"; };
		7103E3781C9954BE006BE342 /* item04@2x.png */ = {isa = PBXFileReference; lastKnownFileType = image.png; path = "item04@2x.png"; sourceTree = "<group>"; };
		7103E3791C9954BE006BE342 /* item04_selected@2x.png */ = {isa = PBXFileReference; lastKnownFileType = image.png; path = "item04_selected@2x.png"; sourceTree = "<group>"; };
		7103E37A1C9954BE006BE342 /* item05@2x.png */ = {isa = PBXFileReference; lastKnownFileType = image.png; path = "item05@2x.png"; sourceTree = "<group>"; };
		7103E37B1C9954BE006BE342 /* item05_selected@2x.png */ = {isa = PBXFileReference; lastKnownFileType = image.png; path = "item05_selected@2x.png"; sourceTree = "<group>"; };
		7103E37C1C9954BE006BE342 /* listView_icon_pic@2x.png */ = {isa = PBXFileReference; lastKnownFileType = image.png; path = "listView_icon_pic@2x.png"; sourceTree = "<group>"; };
		7103E37D1C9954BE006BE342 /* page_icon_empty@2x.png */ = {isa = PBXFileReference; lastKnownFileType = image.png; path = "page_icon_empty@2x.png"; sourceTree = "<group>"; };
		7103E37E1C9954BE006BE342 /* userfunction_bg_calculators@2x.png */ = {isa = PBXFileReference; lastKnownFileType = image.png; path = "userfunction_bg_calculators@2x.png"; sourceTree = "<group>"; };
		7103E37F1C9954BE006BE342 /* userfunction_bg_collect@2x.png */ = {isa = PBXFileReference; lastKnownFileType = image.png; path = "userfunction_bg_collect@2x.png"; sourceTree = "<group>"; };
		7103E3801C9954BE006BE342 /* userfunction_bg_contrast@2x.png */ = {isa = PBXFileReference; lastKnownFileType = image.png; path = "userfunction_bg_contrast@2x.png"; sourceTree = "<group>"; };
		7103E3811C9954BE006BE342 /* userfunction_bg_daymode@2x.png */ = {isa = PBXFileReference; lastKnownFileType = image.png; path = "userfunction_bg_daymode@2x.png"; sourceTree = "<group>"; };
		7103E3821C9954BE006BE342 /* userfunction_bg_diandongche@2x.png */ = {isa = PBXFileReference; lastKnownFileType = image.png; path = "userfunction_bg_diandongche@2x.png"; sourceTree = "<group>"; };
		7103E3831C9954BE006BE342 /* userfunction_bg_draft@2x.png */ = {isa = PBXFileReference; lastKnownFileType = image.png; path = "userfunction_bg_draft@2x.png"; sourceTree = "<group>"; };
		7103E3841C9954BE006BE342 /* userfunction_bg_history@2x.png */ = {isa = PBXFileReference; lastKnownFileType = image.png; path = "userfunction_bg_history@2x.png"; sourceTree = "<group>"; };
		7103E3851C9954BE006BE342 /* userfunction_bg_jifen@2x.png */ = {isa = PBXFileReference; lastKnownFileType = image.png; path = "userfunction_bg_jifen@2x.png"; sourceTree = "<group>"; };
		7103E3861C9954BE006BE342 /* userfunction_bg_nightmode@2x.png */ = {isa = PBXFileReference; lastKnownFileType = image.png; path = "userfunction_bg_nightmode@2x.png"; sourceTree = "<group>"; };
		7103E3871C9954BE006BE342 /* userfunction_bg_posts@2x.png */ = {isa = PBXFileReference; lastKnownFileType = image.png; path = "userfunction_bg_posts@2x.png"; sourceTree = "<group>"; };
		7103E3881C9954BE006BE342 /* userfunction_bg_shop@2x.png */ = {isa = PBXFileReference; lastKnownFileType = image.png; path = "userfunction_bg_shop@2x.png"; sourceTree = "<group>"; };
		7103E3891C9954BE006BE342 /* userfunction_bg_usedcars@2x.png */ = {isa = PBXFileReference; lastKnownFileType = image.png; path = "userfunction_bg_usedcars@2x.png"; sourceTree = "<group>"; };
		7103E38A1C9954BE006BE342 /* userfunction_bg_violate@2x.png */ = {isa = PBXFileReference; lastKnownFileType = image.png; path = "userfunction_bg_violate@2x.png"; sourceTree = "<group>"; };
		7103E38B1C9954BE006BE342 /* userfunction_icon_upkeep@2x.png */ = {isa = PBXFileReference; lastKnownFileType = image.png; path = "userfunction_icon_upkeep@2x.png"; sourceTree = "<group>"; };
		7103E38C1C9954BE006BE342 /* userpic_default@2x.png */ = {isa = PBXFileReference; lastKnownFileType = image.png; path = "userpic_default@2x.png"; sourceTree = "<group>"; };
		7103E38D1C9954BE006BE342 /* userpic_default_big@2x.png */ = {isa = PBXFileReference; lastKnownFileType = image.png; path = "userpic_default_big@2x.png"; sourceTree = "<group>"; };
		7103E38E1C9954BE006BE342 /* 最新跟帖@2x.png */ = {isa = PBXFileReference; lastKnownFileType = image.png; path = "最新跟帖@2x.png"; sourceTree = "<group>"; };
		7103E38F1C9954BE006BE342 /* 热门跟帖@2x.png */ = {isa = PBXFileReference; lastKnownFileType = image.png; path = "热门跟帖@2x.png"; sourceTree = "<group>"; };
		7103E3D21C995EF5006BE342 /* bb1-over@2x.png */ = {isa = PBXFileReference; lastKnownFileType = image.png; path = "bb1-over@2x.png"; sourceTree = "<group>"; };
		7103E3D31C995EF5006BE342 /* bb1-over@3x.png */ = {isa = PBXFileReference; lastKnownFileType = image.png; path = "bb1-over@3x.png"; sourceTree = "<group>"; };
		7103E3D41C995EF5006BE342 /* bb1-up@2x.png */ = {isa = PBXFileReference; lastKnownFileType = image.png; path = "bb1-up@2x.png"; sourceTree = "<group>"; };
		7103E3D51C995EF5006BE342 /* bb1-up@3x.png */ = {isa = PBXFileReference; lastKnownFileType = image.png; path = "bb1-up@3x.png"; sourceTree = "<group>"; };
		7103E3D61C995EF5006BE342 /* bb2-over@2x.png */ = {isa = PBXFileReference; lastKnownFileType = image.png; path = "bb2-over@2x.png"; sourceTree = "<group>"; };
		7103E3D71C995EF5006BE342 /* bb2-over@3x.png */ = {isa = PBXFileReference; lastKnownFileType = image.png; path = "bb2-over@3x.png"; sourceTree = "<group>"; };
		7103E3D81C995EF5006BE342 /* bb2-up@2x.png */ = {isa = PBXFileReference; lastKnownFileType = image.png; path = "bb2-up@2x.png"; sourceTree = "<group>"; };
		7103E3D91C995EF5006BE342 /* bb3-over@2x.png */ = {isa = PBXFileReference; lastKnownFileType = image.png; path = "bb3-over@2x.png"; sourceTree = "<group>"; };
		7103E3DA1C995EF5006BE342 /* bb3-over@3x.png */ = {isa = PBXFileReference; lastKnownFileType = image.png; path = "bb3-over@3x.png"; sourceTree = "<group>"; };
		7103E3DB1C995EF5006BE342 /* bb3-up@2x.png */ = {isa = PBXFileReference; lastKnownFileType = image.png; path = "bb3-up@2x.png"; sourceTree = "<group>"; };
		7103E3DC1C995EF5006BE342 /* bb3-up@3x.png */ = {isa = PBXFileReference; lastKnownFileType = image.png; path = "bb3-up@3x.png"; sourceTree = "<group>"; };
		7103E3DD1C995EF5006BE342 /* bb4-over@2x.png */ = {isa = PBXFileReference; lastKnownFileType = image.png; path = "bb4-over@2x.png"; sourceTree = "<group>"; };
		7103E3DE1C995EF5006BE342 /* bb4-over@3x.png */ = {isa = PBXFileReference; lastKnownFileType = image.png; path = "bb4-over@3x.png"; sourceTree = "<group>"; };
		7103E3DF1C995EF5006BE342 /* bb5@2x.png */ = {isa = PBXFileReference; lastKnownFileType = image.png; path = "bb5@2x.png"; sourceTree = "<group>"; };
		7103E3E01C995EF5006BE342 /* bb5@3x.png */ = {isa = PBXFileReference; lastKnownFileType = image.png; path = "bb5@3x.png"; sourceTree = "<group>"; };
		712D202A1C9A8739003A4115 /* ICSDrawerController.h */ = {isa = PBXFileReference; fileEncoding = 4; lastKnownFileType = sourcecode.c.h; path = ICSDrawerController.h; sourceTree = "<group>"; };
		712D202B1C9A8739003A4115 /* ICSDrawerController.m */ = {isa = PBXFileReference; fileEncoding = 4; lastKnownFileType = sourcecode.c.objc; path = ICSDrawerController.m; sourceTree = "<group>"; };
		712D202C1C9A8739003A4115 /* ICSDropShadowView.h */ = {isa = PBXFileReference; fileEncoding = 4; lastKnownFileType = sourcecode.c.h; path = ICSDropShadowView.h; sourceTree = "<group>"; };
		712D202D1C9A8739003A4115 /* ICSDropShadowView.m */ = {isa = PBXFileReference; fileEncoding = 4; lastKnownFileType = sourcecode.c.objc; path = ICSDropShadowView.m; sourceTree = "<group>"; };
		7194FC191CDA01560043A13F /* XdTabView.h */ = {isa = PBXFileReference; fileEncoding = 4; lastKnownFileType = sourcecode.c.h; path = XdTabView.h; sourceTree = "<group>"; };
		7194FC1A1CDA01560043A13F /* XdTabView.m */ = {isa = PBXFileReference; fileEncoding = 4; lastKnownFileType = sourcecode.c.objc; path = XdTabView.m; sourceTree = "<group>"; };
		71BE94BF1C9BD228001769BA /* XDPrefixHeader.pch */ = {isa = PBXFileReference; lastKnownFileType = sourcecode.c.h; path = XDPrefixHeader.pch; sourceTree = "<group>"; };
		71BE94C01C9BD33C001769BA /* LeftViewController.h */ = {isa = PBXFileReference; fileEncoding = 4; lastKnownFileType = sourcecode.c.h; path = LeftViewController.h; sourceTree = "<group>"; };
		71BE94C11C9BD33C001769BA /* LeftViewController.m */ = {isa = PBXFileReference; fileEncoding = 4; lastKnownFileType = sourcecode.c.objc; path = LeftViewController.m; sourceTree = "<group>"; };
		71E0EE1C1CDAF0B400A68707 /* BaseTableViewController.h */ = {isa = PBXFileReference; fileEncoding = 4; lastKnownFileType = sourcecode.c.h; path = BaseTableViewController.h; sourceTree = "<group>"; };
		71E0EE1D1CDAF0B400A68707 /* BaseTableViewController.m */ = {isa = PBXFileReference; fileEncoding = 4; lastKnownFileType = sourcecode.c.objc; path = BaseTableViewController.m; sourceTree = "<group>"; };
		A50E51F850B5ACE9E9C98816 /* libPods.a */ = {isa = PBXFileReference; explicitFileType = archive.ar; includeInIndex = 0; path = libPods.a; sourceTree = BUILT_PRODUCTS_DIR; };
/* End PBXFileReference section */

/* Begin PBXFrameworksBuildPhase section */
		7103E3011C9945D9006BE342 /* Frameworks */ = {
			isa = PBXFrameworksBuildPhase;
			buildActionMask = 2147483647;
			files = (
				0E98FFB858B273AD7F6E4135 /* libPods.a in Frameworks */,
			);
			runOnlyForDeploymentPostprocessing = 0;
		};
		7103E31D1C9945DA006BE342 /* Frameworks */ = {
			isa = PBXFrameworksBuildPhase;
			buildActionMask = 2147483647;
			files = (
			);
			runOnlyForDeploymentPostprocessing = 0;
		};
		7103E3281C9945DA006BE342 /* Frameworks */ = {
			isa = PBXFrameworksBuildPhase;
			buildActionMask = 2147483647;
			files = (
			);
			runOnlyForDeploymentPostprocessing = 0;
		};
/* End PBXFrameworksBuildPhase section */

/* Begin PBXGroup section */
		7103E2FB1C9945D9006BE342 = {
			isa = PBXGroup;
			children = (
				712D20281C9A4F82003A4115 /* XDSidesLip */,
				7103E34D1C9954BE006BE342 /* Images */,
				7103E3491C994693006BE342 /* XDTbabar */,
				7103E3061C9945D9006BE342 /* 自定义tabbar */,
				7103E3231C9945DA006BE342 /* 自定义tabbarTests */,
				7103E32E1C9945DA006BE342 /* 自定义tabbarUITests */,
				7103E3051C9945D9006BE342 /* Products */,
				8ECD8517CE68C8D24D7CBE21 /* Pods */,
				DC0813B134B92C72BF8B5EFA /* Frameworks */,
			);
			sourceTree = "<group>";
		};
		7103E3051C9945D9006BE342 /* Products */ = {
			isa = PBXGroup;
			children = (
				7103E3041C9945D9006BE342 /* 自定义tabbar.app */,
				7103E3201C9945DA006BE342 /* 自定义tabbarTests.xctest */,
				7103E32B1C9945DA006BE342 /* 自定义tabbarUITests.xctest */,
			);
			name = Products;
			sourceTree = "<group>";
		};
		7103E3061C9945D9006BE342 /* 自定义tabbar */ = {
			isa = PBXGroup;
			children = (
				7103E30A1C9945DA006BE342 /* AppDelegate.h */,
				7103E30B1C9945DA006BE342 /* AppDelegate.m */,
				71BE94C01C9BD33C001769BA /* LeftViewController.h */,
				71BE94C11C9BD33C001769BA /* LeftViewController.m */,
				7103E33D1C99461C006BE342 /* firstViewController.h */,
				7103E33E1C99461C006BE342 /* firstViewController.m */,
				7103E3401C994647006BE342 /* SecondViewController.h */,
				7103E3411C994647006BE342 /* SecondViewController.m */,
				7103E3431C994659006BE342 /* ThereViewController.h */,
				7103E3441C994659006BE342 /* ThereViewController.m */,
				7103E3461C994669006BE342 /* FourthViewController.h */,
				7103E3471C994669006BE342 /* FourthViewController.m */,
				7103E3161C9945DA006BE342 /* Assets.xcassets */,
				7103E3181C9945DA006BE342 /* LaunchScreen.storyboard */,
				7103E31B1C9945DA006BE342 /* Info.plist */,
				7103E3071C9945DA006BE342 /* Supporting Files */,
			);
			path = "自定义tabbar";
			sourceTree = "<group>";
		};
		7103E3071C9945DA006BE342 /* Supporting Files */ = {
			isa = PBXGroup;
			children = (
				7103E3081C9945DA006BE342 /* main.m */,
				71BE94BF1C9BD228001769BA /* XDPrefixHeader.pch */,
			);
			name = "Supporting Files";
			sourceTree = "<group>";
		};
		7103E3231C9945DA006BE342 /* 自定义tabbarTests */ = {
			isa = PBXGroup;
			children = (
				7103E3241C9945DA006BE342 /* ___tabbarTests.m */,
				7103E3261C9945DA006BE342 /* Info.plist */,
			);
			path = "自定义tabbarTests";
			sourceTree = "<group>";
		};
		7103E32E1C9945DA006BE342 /* 自定义tabbarUITests */ = {
			isa = PBXGroup;
			children = (
				7103E32F1C9945DA006BE342 /* ___tabbarUITests.m */,
				7103E3311C9945DA006BE342 /* Info.plist */,
			);
			path = "自定义tabbarUITests";
			sourceTree = "<group>";
		};
		7103E3491C994693006BE342 /* XDTbabar */ = {
			isa = PBXGroup;
			children = (
				7103E34A1C9946D1006BE342 /* XDTarBarViewController.h */,
				7103E34B1C9946D1006BE342 /* XDTarBarViewController.m */,
			);
			path = XDTbabar;
			sourceTree = "<group>";
		};
		7103E34D1C9954BE006BE342 /* Images */ = {
			isa = PBXGroup;
			children = (
				7103E34E1C9954BE006BE342 /* ah_groupView_back@2x.png */,
				7103E34F1C9954BE006BE342 /* bar_bg_mask_left@2x.png */,
				7103E3501C9954BE006BE342 /* bar_bg_mask_right@2x.png */,
				7103E3511C9954BE006BE342 /* bar_btn_icon_album@2x.png */,
				7103E3521C9954BE006BE342 /* bar_btn_icon_collect@2x.png */,
				7103E3531C9954BE006BE342 /* bar_btn_icon_collect_white@2x.png */,
				7103E3541C9954BE006BE342 /* bar_btn_icon_collected@2x.png */,
				7103E3551C9954BE006BE342 /* bar_btn_icon_posting@2x.png */,
				7103E3561C9954BE006BE342 /* bar_btn_icon_returntext@2x.png */,
				7103E3571C9954BE006BE342 /* bar_btn_icon_search@2x.png */,
				7103E3581C9954BE006BE342 /* bar_btn_icon_setup@2x.png */,
				7103E3591C9954BE006BE342 /* bar_btn_icon_shut@2x.png */,
				7103E35A1C9954BE006BE342 /* bg_marrow@2x.png */,
				7103E35B1C9954BE006BE342 /* black_default_640_320.png */,
				7103E35C1C9954BE006BE342 /* black_default_80_80.png */,
				7103E35D1C9954BE006BE342 /* black_page_icon_empty@2x.png */,
				7103E35E1C9954BE006BE342 /* black_tagBar_bg_arrow@2x.png */,
				7103E35F1C9954BE006BE342 /* black_userpic_default_big@2x.png */,
				7103E3601C9954BE006BE342 /* btn_icon_calculate@2x.png */,
				7103E3611C9954BE006BE342 /* btn_icon_inquiry@2x.png */,
				7103E3D21C995EF5006BE342 /* bb1-over@2x.png */,
				7103E3D31C995EF5006BE342 /* bb1-over@3x.png */,
				7103E3D41C995EF5006BE342 /* bb1-up@2x.png */,
				7103E3D51C995EF5006BE342 /* bb1-up@3x.png */,
				7103E3D61C995EF5006BE342 /* bb2-over@2x.png */,
				7103E3D71C995EF5006BE342 /* bb2-over@3x.png */,
				7103E3D81C995EF5006BE342 /* bb2-up@2x.png */,
				7103E3D91C995EF5006BE342 /* bb3-over@2x.png */,
				7103E3DA1C995EF5006BE342 /* bb3-over@3x.png */,
				7103E3DB1C995EF5006BE342 /* bb3-up@2x.png */,
				7103E3DC1C995EF5006BE342 /* bb3-up@3x.png */,
				7103E3DD1C995EF5006BE342 /* bb4-over@2x.png */,
				7103E3DE1C995EF5006BE342 /* bb4-over@3x.png */,
				7103E3DF1C995EF5006BE342 /* bb5@2x.png */,
				7103E3E01C995EF5006BE342 /* bb5@3x.png */,
				7103E3621C9954BE006BE342 /* btn_icon_reply@2x.png */,
				7103E3631C9954BE006BE342 /* btn_icon_vs@2x.png */,
				7103E3641C9954BE006BE342 /* Default-568h@2x.png */,
				7103E3651C9954BE006BE342 /* Default@2x.png */,
				7103E3661C9954BE006BE342 /* default_160_120@2x.png */,
				7103E3671C9954BE006BE342 /* default_640_320@2x.png */,
				7103E3681C9954BE006BE342 /* fame_icon_fraction@2x.png */,
				7103E3691C9954BE006BE342 /* filterbar_icon_arrow@2x.png */,
				7103E36A1C9954BE006BE342 /* findcar_icon_collect@2x.png */,
				7103E36B1C9954BE006BE342 /* forum_icon_auto@2x.png */,
				7103E36C1C9954BE006BE342 /* forum_icon_location@2x.png */,
				7103E36D1C9954BE006BE342 /* forum_icon_theme@2x.png */,
				7103E36E1C9954BE006BE342 /* Icon.png */,
				7103E36F1C9954BE006BE342 /* icon_hand@2x.png */,
				7103E3701C9954BE006BE342 /* icon_hot@2x.png */,
				7103E3711C9954BE006BE342 /* icon_phone@2x.png */,
				7103E3721C9954BE006BE342 /* item01@2x.png */,
				7103E3731C9954BE006BE342 /* item01_selected@2x.png */,
				7103E3741C9954BE006BE342 /* item02@2x.png */,
				7103E3751C9954BE006BE342 /* item02_selected@2x.png */,
				7103E3761C9954BE006BE342 /* item03@2x.png */,
				7103E3771C9954BE006BE342 /* item03_selected@2x.png */,
				7103E3781C9954BE006BE342 /* item04@2x.png */,
				7103E3791C9954BE006BE342 /* item04_selected@2x.png */,
				7103E37A1C9954BE006BE342 /* item05@2x.png */,
				7103E37B1C9954BE006BE342 /* item05_selected@2x.png */,
				7103E37C1C9954BE006BE342 /* listView_icon_pic@2x.png */,
				7103E37D1C9954BE006BE342 /* page_icon_empty@2x.png */,
				7103E37E1C9954BE006BE342 /* userfunction_bg_calculators@2x.png */,
				7103E37F1C9954BE006BE342 /* userfunction_bg_collect@2x.png */,
				7103E3801C9954BE006BE342 /* userfunction_bg_contrast@2x.png */,
				7103E3811C9954BE006BE342 /* userfunction_bg_daymode@2x.png */,
				7103E3821C9954BE006BE342 /* userfunction_bg_diandongche@2x.png */,
				7103E3831C9954BE006BE342 /* userfunction_bg_draft@2x.png */,
				7103E3841C9954BE006BE342 /* userfunction_bg_history@2x.png */,
				7103E3851C9954BE006BE342 /* userfunction_bg_jifen@2x.png */,
				7103E3861C9954BE006BE342 /* userfunction_bg_nightmode@2x.png */,
				7103E3871C9954BE006BE342 /* userfunction_bg_posts@2x.png */,
				7103E3881C9954BE006BE342 /* userfunction_bg_shop@2x.png */,
				7103E3891C9954BE006BE342 /* userfunction_bg_usedcars@2x.png */,
				7103E38A1C9954BE006BE342 /* userfunction_bg_violate@2x.png */,
				7103E38B1C9954BE006BE342 /* userfunction_icon_upkeep@2x.png */,
				7103E38C1C9954BE006BE342 /* userpic_default@2x.png */,
				7103E38D1C9954BE006BE342 /* userpic_default_big@2x.png */,
				7103E38E1C9954BE006BE342 /* 最新跟帖@2x.png */,
				7103E38F1C9954BE006BE342 /* 热门跟帖@2x.png */,
			);
			path = Images;
			sourceTree = "<group>";
		};
		712D20281C9A4F82003A4115 /* XDSidesLip */ = {
			isa = PBXGroup;
			children = (
				712D20291C9A8739003A4115 /* ICSDrawerController */,
			);
			path = XDSidesLip;
			sourceTree = "<group>";
		};
		712D20291C9A8739003A4115 /* ICSDrawerController */ = {
			isa = PBXGroup;
			children = (
				712D202A1C9A8739003A4115 /* ICSDrawerController.h */,
				712D202B1C9A8739003A4115 /* ICSDrawerController.m */,
				712D202C1C9A8739003A4115 /* ICSDropShadowView.h */,
				712D202D1C9A8739003A4115 /* ICSDropShadowView.m */,
				71E0EE1C1CDAF0B400A68707 /* BaseTableViewController.h */,
				71E0EE1D1CDAF0B400A68707 /* BaseTableViewController.m */,
				7194FC191CDA01560043A13F /* XdTabView.h */,
				7194FC1A1CDA01560043A13F /* XdTabView.m */,
			);
			path = ICSDrawerController;
			sourceTree = "<group>";
		};
		8ECD8517CE68C8D24D7CBE21 /* Pods */ = {
			isa = PBXGroup;
			children = (
				40DA2D0BF6AD323F8CEC6315 /* Pods.debug.xcconfig */,
				16EA8168B7E5EE41324477FE /* Pods.release.xcconfig */,
			);
			name = Pods;
			sourceTree = "<group>";
		};
		DC0813B134B92C72BF8B5EFA /* Frameworks */ = {
			isa = PBXGroup;
			children = (
				A50E51F850B5ACE9E9C98816 /* libPods.a */,
			);
			name = Frameworks;
			sourceTree = "<group>";
		};
/* End PBXGroup section */

/* Begin PBXNativeTarget section */
		7103E3031C9945D9006BE342 /* 自定义tabbar */ = {
			isa = PBXNativeTarget;
			buildConfigurationList = 7103E3341C9945DA006BE342 /* Build configuration list for PBXNativeTarget "自定义tabbar" */;
			buildPhases = (
				A5C416930CC061572C4E0582 /* Check Pods Manifest.lock */,
				7103E3001C9945D9006BE342 /* Sources */,
				7103E3011C9945D9006BE342 /* Frameworks */,
				7103E3021C9945D9006BE342 /* Resources */,
				BAFB517A9A10C45230E615ED /* Embed Pods Frameworks */,
				5AD0946AE56462F186D114FD /* Copy Pods Resources */,
			);
			buildRules = (
			);
			dependencies = (
			);
			name = "自定义tabbar";
			productName = "自定义tabbar";
			productReference = 7103E3041C9945D9006BE342 /* 自定义tabbar.app */;
			productType = "com.apple.product-type.application";
		};
		7103E31F1C9945DA006BE342 /* 自定义tabbarTests */ = {
			isa = PBXNativeTarget;
			buildConfigurationList = 7103E3371C9945DA006BE342 /* Build configuration list for PBXNativeTarget "自定义tabbarTests" */;
			buildPhases = (
				7103E31C1C9945DA006BE342 /* Sources */,
				7103E31D1C9945DA006BE342 /* Frameworks */,
				7103E31E1C9945DA006BE342 /* Resources */,
			);
			buildRules = (
			);
			dependencies = (
				7103E3221C9945DA006BE342 /* PBXTargetDependency */,
			);
			name = "自定义tabbarTests";
			productName = "自定义tabbarTests";
			productReference = 7103E3201C9945DA006BE342 /* 自定义tabbarTests.xctest */;
			productType = "com.apple.product-type.bundle.unit-test";
		};
		7103E32A1C9945DA006BE342 /* 自定义tabbarUITests */ = {
			isa = PBXNativeTarget;
			buildConfigurationList = 7103E33A1C9945DA006BE342 /* Build configuration list for PBXNativeTarget "自定义tabbarUITests" */;
			buildPhases = (
				7103E3271C9945DA006BE342 /* Sources */,
				7103E3281C9945DA006BE342 /* Frameworks */,
				7103E3291C9945DA006BE342 /* Resources */,
			);
			buildRules = (
			);
			dependencies = (
				7103E32D1C9945DA006BE342 /* PBXTargetDependency */,
			);
			name = "自定义tabbarUITests";
			productName = "自定义tabbarUITests";
			productReference = 7103E32B1C9945DA006BE342 /* 自定义tabbarUITests.xctest */;
			productType = "com.apple.product-type.bundle.ui-testing";
		};
/* End PBXNativeTarget section */

/* Begin PBXProject section */
		7103E2FC1C9945D9006BE342 /* Project object */ = {
			isa = PBXProject;
			attributes = {
				LastUpgradeCheck = 0720;
				ORGANIZATIONNAME = "王晓东";
				TargetAttributes = {
					7103E3031C9945D9006BE342 = {
						CreatedOnToolsVersion = 7.2;
					};
					7103E31F1C9945DA006BE342 = {
						CreatedOnToolsVersion = 7.2;
						TestTargetID = 7103E3031C9945D9006BE342;
					};
					7103E32A1C9945DA006BE342 = {
						CreatedOnToolsVersion = 7.2;
						TestTargetID = 7103E3031C9945D9006BE342;
					};
				};
			};
			buildConfigurationList = 7103E2FF1C9945D9006BE342 /* Build configuration list for PBXProject "自定义tabbar" */;
			compatibilityVersion = "Xcode 3.2";
			developmentRegion = English;
			hasScannedForEncodings = 0;
			knownRegions = (
				en,
				Base,
			);
			mainGroup = 7103E2FB1C9945D9006BE342;
			productRefGroup = 7103E3051C9945D9006BE342 /* Products */;
			projectDirPath = "";
			projectRoot = "";
			targets = (
				7103E3031C9945D9006BE342 /* 自定义tabbar */,
				7103E31F1C9945DA006BE342 /* 自定义tabbarTests */,
				7103E32A1C9945DA006BE342 /* 自定义tabbarUITests */,
			);
		};
/* End PBXProject section */

/* Begin PBXResourcesBuildPhase section */
		7103E3021C9945D9006BE342 /* Resources */ = {
			isa = PBXResourcesBuildPhase;
			buildActionMask = 2147483647;
			files = (
				7103E3991C9954BE006BE342 /* bar_btn_icon_search@2x.png in Resources */,
				7103E3CF1C9954BE006BE342 /* userpic_default_big@2x.png in Resources */,
				7103E31A1C9945DA006BE342 /* LaunchScreen.storyboard in Resources */,
				7103E39C1C9954BE006BE342 /* bg_marrow@2x.png in Resources */,
				7103E3B51C9954BE006BE342 /* item01_selected@2x.png in Resources */,
				7103E3AC1C9954BE006BE342 /* findcar_icon_collect@2x.png in Resources */,
				7103E3B11C9954BE006BE342 /* icon_hand@2x.png in Resources */,
				7103E3E71C995EF5006BE342 /* bb2-up@2x.png in Resources */,
				7103E3E81C995EF5006BE342 /* bb3-over@2x.png in Resources */,
				7103E3B71C9954BE006BE342 /* item02_selected@2x.png in Resources */,
				7103E3EE1C995EF5006BE342 /* bb5@2x.png in Resources */,
				7103E39B1C9954BE006BE342 /* bar_btn_icon_shut@2x.png in Resources */,
				7103E3BB1C9954BE006BE342 /* item04_selected@2x.png in Resources */,
				7103E3A71C9954BE006BE342 /* Default@2x.png in Resources */,
				7103E3A01C9954BE006BE342 /* black_tagBar_bg_arrow@2x.png in Resources */,
				7103E3E51C995EF5006BE342 /* bb2-over@2x.png in Resources */,
				7103E3C81C9954BE006BE342 /* userfunction_bg_nightmode@2x.png in Resources */,
				7103E3EB1C995EF5006BE342 /* bb3-up@3x.png in Resources */,
				7103E3AF1C9954BE006BE342 /* forum_icon_theme@2x.png in Resources */,
				7103E3BF1C9954BE006BE342 /* page_icon_empty@2x.png in Resources */,
				7103E3951C9954BE006BE342 /* bar_btn_icon_collect_white@2x.png in Resources */,
				7103E3EA1C995EF5006BE342 /* bb3-up@2x.png in Resources */,
				7103E3C51C9954BE006BE342 /* userfunction_bg_draft@2x.png in Resources */,
				7103E3B61C9954BE006BE342 /* item02@2x.png in Resources */,
				7103E3EF1C995EF5006BE342 /* bb5@3x.png in Resources */,
				7103E3E41C995EF5006BE342 /* bb1-up@3x.png in Resources */,
				7103E3CC1C9954BE006BE342 /* userfunction_bg_violate@2x.png in Resources */,
				7103E3CD1C9954BE006BE342 /* userfunction_icon_upkeep@2x.png in Resources */,
				7103E3E91C995EF5006BE342 /* bb3-over@3x.png in Resources */,
				7103E3B31C9954BE006BE342 /* icon_phone@2x.png in Resources */,
				7103E3CB1C9954BE006BE342 /* userfunction_bg_usedcars@2x.png in Resources */,
				7103E3D11C9954BE006BE342 /* 热门跟帖@2x.png in Resources */,
				7103E3BD1C9954BE006BE342 /* item05_selected@2x.png in Resources */,
				7103E3A41C9954BE006BE342 /* btn_icon_reply@2x.png in Resources */,
				7103E3C71C9954BE006BE342 /* userfunction_bg_jifen@2x.png in Resources */,
				7103E3A11C9954BE006BE342 /* black_userpic_default_big@2x.png in Resources */,
				7103E3AB1C9954BE006BE342 /* filterbar_icon_arrow@2x.png in Resources */,
				7103E3BE1C9954BE006BE342 /* listView_icon_pic@2x.png in Resources */,
				7103E3C11C9954BE006BE342 /* userfunction_bg_collect@2x.png in Resources */,
				7103E3C41C9954BE006BE342 /* userfunction_bg_diandongche@2x.png in Resources */,
				7103E3C61C9954BE006BE342 /* userfunction_bg_history@2x.png in Resources */,
				7103E3D01C9954BE006BE342 /* 最新跟帖@2x.png in Resources */,
				7103E3B01C9954BE006BE342 /* Icon.png in Resources */,
				7103E3171C9945DA006BE342 /* Assets.xcassets in Resources */,
				7103E3971C9954BE006BE342 /* bar_btn_icon_posting@2x.png in Resources */,
				7103E3931C9954BE006BE342 /* bar_btn_icon_album@2x.png in Resources */,
				7103E3A51C9954BE006BE342 /* btn_icon_vs@2x.png in Resources */,
				7103E3EC1C995EF5006BE342 /* bb4-over@2x.png in Resources */,
				7103E3A91C9954BE006BE342 /* default_640_320@2x.png in Resources */,
				7103E3A31C9954BE006BE342 /* btn_icon_inquiry@2x.png in Resources */,
				7103E3C91C9954BE006BE342 /* userfunction_bg_posts@2x.png in Resources */,
				7103E39F1C9954BE006BE342 /* black_page_icon_empty@2x.png in Resources */,
				7103E3ED1C995EF5006BE342 /* bb4-over@3x.png in Resources */,
				7103E3B41C9954BE006BE342 /* item01@2x.png in Resources */,
				7103E3BA1C9954BE006BE342 /* item04@2x.png in Resources */,
				7103E3B21C9954BE006BE342 /* icon_hot@2x.png in Resources */,
				7103E3AE1C9954BE006BE342 /* forum_icon_location@2x.png in Resources */,
				7103E3921C9954BE006BE342 /* bar_bg_mask_right@2x.png in Resources */,
				7103E3941C9954BE006BE342 /* bar_btn_icon_collect@2x.png in Resources */,
				7103E3E61C995EF5006BE342 /* bb2-over@3x.png in Resources */,
				7103E39D1C9954BE006BE342 /* black_default_640_320.png in Resources */,
				7103E3A81C9954BE006BE342 /* default_160_120@2x.png in Resources */,
				7103E3C31C9954BE006BE342 /* userfunction_bg_daymode@2x.png in Resources */,
				7103E3E11C995EF5006BE342 /* bb1-over@2x.png in Resources */,
				7103E39E1C9954BE006BE342 /* black_default_80_80.png in Resources */,
				7103E3C21C9954BE006BE342 /* userfunction_bg_contrast@2x.png in Resources */,
				7103E3B91C9954BE006BE342 /* item03_selected@2x.png in Resources */,
				7103E3981C9954BE006BE342 /* bar_btn_icon_returntext@2x.png in Resources */,
				7103E3CA1C9954BE006BE342 /* userfunction_bg_shop@2x.png in Resources */,
				7103E3CE1C9954BE006BE342 /* userpic_default@2x.png in Resources */,
				7103E3AA1C9954BE006BE342 /* fame_icon_fraction@2x.png in Resources */,
				7103E3A21C9954BE006BE342 /* btn_icon_calculate@2x.png in Resources */,
				7103E3C01C9954BE006BE342 /* userfunction_bg_calculators@2x.png in Resources */,
				7103E3E21C995EF5006BE342 /* bb1-over@3x.png in Resources */,
				7103E3961C9954BE006BE342 /* bar_btn_icon_collected@2x.png in Resources */,
				7103E3911C9954BE006BE342 /* bar_bg_mask_left@2x.png in Resources */,
				7103E3E31C995EF5006BE342 /* bb1-up@2x.png in Resources */,
				7103E3AD1C9954BE006BE342 /* forum_icon_auto@2x.png in Resources */,
				7103E3901C9954BE006BE342 /* ah_groupView_back@2x.png in Resources */,
				7103E3A61C9954BE006BE342 /* Default-568h@2x.png in Resources */,
				7103E3B81C9954BE006BE342 /* item03@2x.png in Resources */,
				7103E3BC1C9954BE006BE342 /* item05@2x.png in Resources */,
				7103E39A1C9954BE006BE342 /* bar_btn_icon_setup@2x.png in Resources */,
			);
			runOnlyForDeploymentPostprocessing = 0;
		};
		7103E31E1C9945DA006BE342 /* Resources */ = {
			isa = PBXResourcesBuildPhase;
			buildActionMask = 2147483647;
			files = (
			);
			runOnlyForDeploymentPostprocessing = 0;
		};
		7103E3291C9945DA006BE342 /* Resources */ = {
			isa = PBXResourcesBuildPhase;
			buildActionMask = 2147483647;
			files = (
			);
			runOnlyForDeploymentPostprocessing = 0;
		};
/* End PBXResourcesBuildPhase section */

/* Begin PBXShellScriptBuildPhase section */
		5AD0946AE56462F186D114FD /* Copy Pods Resources */ = {
			isa = PBXShellScriptBuildPhase;
			buildActionMask = 2147483647;
			files = (
			);
			inputPaths = (
			);
			name = "Copy Pods Resources";
			outputPaths = (
			);
			runOnlyForDeploymentPostprocessing = 0;
			shellPath = /bin/sh;
			shellScript = "\"${SRCROOT}/Pods/Target Support Files/Pods/Pods-resources.sh\"\n";
			showEnvVarsInLog = 0;
		};
		A5C416930CC061572C4E0582 /* Check Pods Manifest.lock */ = {
			isa = PBXShellScriptBuildPhase;
			buildActionMask = 2147483647;
			files = (
			);
			inputPaths = (
			);
			name = "Check Pods Manifest.lock";
			outputPaths = (
			);
			runOnlyForDeploymentPostprocessing = 0;
			shellPath = /bin/sh;
			shellScript = "diff \"${PODS_ROOT}/../Podfile.lock\" \"${PODS_ROOT}/Manifest.lock\" > /dev/null\nif [[ $? != 0 ]] ; then\n    cat << EOM\nerror: The sandbox is not in sync with the Podfile.lock. Run 'pod install' or update your CocoaPods installation.\nEOM\n    exit 1\nfi\n";
			showEnvVarsInLog = 0;
		};
		BAFB517A9A10C45230E615ED /* Embed Pods Frameworks */ = {
			isa = PBXShellScriptBuildPhase;
			buildActionMask = 2147483647;
			files = (
			);
			inputPaths = (
			);
			name = "Embed Pods Frameworks";
			outputPaths = (
			);
			runOnlyForDeploymentPostprocessing = 0;
			shellPath = /bin/sh;
			shellScript = "\"${SRCROOT}/Pods/Target Support Files/Pods/Pods-frameworks.sh\"\n";
			showEnvVarsInLog = 0;
		};
/* End PBXShellScriptBuildPhase section */

/* Begin PBXSourcesBuildPhase section */
		7103E3001C9945D9006BE342 /* Sources */ = {
			isa = PBXSourcesBuildPhase;
			buildActionMask = 2147483647;
			files = (
				712D202F1C9A8739003A4115 /* ICSDropShadowView.m in Sources */,
				71BE94C21C9BD33C001769BA /* LeftViewController.m in Sources */,
				712D202E1C9A8739003A4115 /* ICSDrawerController.m in Sources */,
				7103E3481C994669006BE342 /* FourthViewController.m in Sources */,
				7103E3421C994647006BE342 /* SecondViewController.m in Sources */,
				7103E30C1C9945DA006BE342 /* AppDelegate.m in Sources */,
				7194FC1B1CDA01560043A13F /* XdTabView.m in Sources */,
				7103E34C1C9946D1006BE342 /* XDTarBarViewController.m in Sources */,
				7103E33F1C99461C006BE342 /* firstViewController.m in Sources */,
				7103E3451C994659006BE342 /* ThereViewController.m in Sources */,
				71E0EE1E1CDAF0B400A68707 /* BaseTableViewController.m in Sources */,
				7103E3091C9945DA006BE342 /* main.m in Sources */,
			);
			runOnlyForDeploymentPostprocessing = 0;
		};
		7103E31C1C9945DA006BE342 /* Sources */ = {
			isa = PBXSourcesBuildPhase;
			buildActionMask = 2147483647;
			files = (
				7103E3251C9945DA006BE342 /* ___tabbarTests.m in Sources */,
			);
			runOnlyForDeploymentPostprocessing = 0;
		};
		7103E3271C9945DA006BE342 /* Sources */ = {
			isa = PBXSourcesBuildPhase;
			buildActionMask = 2147483647;
			files = (
				7103E3301C9945DA006BE342 /* ___tabbarUITests.m in Sources */,
			);
			runOnlyForDeploymentPostprocessing = 0;
		};
/* End PBXSourcesBuildPhase section */

/* Begin PBXTargetDependency section */
		7103E3221C9945DA006BE342 /* PBXTargetDependency */ = {
			isa = PBXTargetDependency;
			target = 7103E3031C9945D9006BE342 /* 自定义tabbar */;
			targetProxy = 7103E3211C9945DA006BE342 /* PBXContainerItemProxy */;
		};
		7103E32D1C9945DA006BE342 /* PBXTargetDependency */ = {
			isa = PBXTargetDependency;
			target = 7103E3031C9945D9006BE342 /* 自定义tabbar */;
			targetProxy = 7103E32C1C9945DA006BE342 /* PBXContainerItemProxy */;
		};
/* End PBXTargetDependency section */

/* Begin PBXVariantGroup section */
		7103E3181C9945DA006BE342 /* LaunchScreen.storyboard */ = {
			isa = PBXVariantGroup;
			children = (
				7103E3191C9945DA006BE342 /* Base */,
			);
			name = LaunchScreen.storyboard;
			sourceTree = "<group>";
		};
/* End PBXVariantGroup section */

/* Begin XCBuildConfiguration section */
		7103E3321C9945DA006BE342 /* Debug */ = {
			isa = XCBuildConfiguration;
			buildSettings = {
				ALWAYS_SEARCH_USER_PATHS = NO;
				CLANG_CXX_LANGUAGE_STANDARD = "gnu++0x";
				CLANG_CXX_LIBRARY = "libc++";
				CLANG_ENABLE_MODULES = YES;
				CLANG_ENABLE_OBJC_ARC = YES;
				CLANG_WARN_BOOL_CONVERSION = YES;
				CLANG_WARN_CONSTANT_CONVERSION = YES;
				CLANG_WARN_DIRECT_OBJC_ISA_USAGE = YES_ERROR;
				CLANG_WARN_EMPTY_BODY = YES;
				CLANG_WARN_ENUM_CONVERSION = YES;
				CLANG_WARN_INT_CONVERSION = YES;
				CLANG_WARN_OBJC_ROOT_CLASS = YES_ERROR;
				CLANG_WARN_UNREACHABLE_CODE = YES;
				CLANG_WARN__DUPLICATE_METHOD_MATCH = YES;
				"CODE_SIGN_IDENTITY[sdk=iphoneos*]" = "iPhone Developer";
				COPY_PHASE_STRIP = NO;
				DEBUG_INFORMATION_FORMAT = dwarf;
				ENABLE_STRICT_OBJC_MSGSEND = YES;
				ENABLE_TESTABILITY = YES;
				GCC_C_LANGUAGE_STANDARD = gnu99;
				GCC_DYNAMIC_NO_PIC = NO;
				GCC_NO_COMMON_BLOCKS = YES;
				GCC_OPTIMIZATION_LEVEL = 0;
				GCC_PREPROCESSOR_DEFINITIONS = (
					"DEBUG=1",
					"$(inherited)",
				);
				GCC_WARN_64_TO_32_BIT_CONVERSION = YES;
				GCC_WARN_ABOUT_RETURN_TYPE = YES_ERROR;
				GCC_WARN_UNDECLARED_SELECTOR = YES;
				GCC_WARN_UNINITIALIZED_AUTOS = YES_AGGRESSIVE;
				GCC_WARN_UNUSED_FUNCTION = YES;
				GCC_WARN_UNUSED_VARIABLE = YES;
				IPHONEOS_DEPLOYMENT_TARGET = 9.2;
				MTL_ENABLE_DEBUG_INFO = YES;
				ONLY_ACTIVE_ARCH = YES;
				SDKROOT = iphoneos;
				TARGETED_DEVICE_FAMILY = "1,2";
			};
			name = Debug;
		};
		7103E3331C9945DA006BE342 /* Release */ = {
			isa = XCBuildConfiguration;
			buildSettings = {
				ALWAYS_SEARCH_USER_PATHS = NO;
				CLANG_CXX_LANGUAGE_STANDARD = "gnu++0x";
				CLANG_CXX_LIBRARY = "libc++";
				CLANG_ENABLE_MODULES = YES;
				CLANG_ENABLE_OBJC_ARC = YES;
				CLANG_WARN_BOOL_CONVERSION = YES;
				CLANG_WARN_CONSTANT_CONVERSION = YES;
				CLANG_WARN_DIRECT_OBJC_ISA_USAGE = YES_ERROR;
				CLANG_WARN_EMPTY_BODY = YES;
				CLANG_WARN_ENUM_CONVERSION = YES;
				CLANG_WARN_INT_CONVERSION = YES;
				CLANG_WARN_OBJC_ROOT_CLASS = YES_ERROR;
				CLANG_WARN_UNREACHABLE_CODE = YES;
				CLANG_WARN__DUPLICATE_METHOD_MATCH = YES;
				"CODE_SIGN_IDENTITY[sdk=iphoneos*]" = "iPhone Developer";
				COPY_PHASE_STRIP = NO;
				DEBUG_INFORMATION_FORMAT = "dwarf-with-dsym";
				ENABLE_NS_ASSERTIONS = NO;
				ENABLE_STRICT_OBJC_MSGSEND = YES;
				GCC_C_LANGUAGE_STANDARD = gnu99;
				GCC_NO_COMMON_BLOCKS = YES;
				GCC_WARN_64_TO_32_BIT_CONVERSION = YES;
				GCC_WARN_ABOUT_RETURN_TYPE = YES_ERROR;
				GCC_WARN_UNDECLARED_SELECTOR = YES;
				GCC_WARN_UNINITIALIZED_AUTOS = YES_AGGRESSIVE;
				GCC_WARN_UNUSED_FUNCTION = YES;
				GCC_WARN_UNUSED_VARIABLE = YES;
				IPHONEOS_DEPLOYMENT_TARGET = 9.2;
				MTL_ENABLE_DEBUG_INFO = NO;
				SDKROOT = iphoneos;
				TARGETED_DEVICE_FAMILY = "1,2";
				VALIDATE_PRODUCT = YES;
			};
			name = Release;
		};
		7103E3351C9945DA006BE342 /* Debug */ = {
			isa = XCBuildConfiguration;
			baseConfigurationReference = 40DA2D0BF6AD323F8CEC6315 /* Pods.debug.xcconfig */;
			buildSettings = {
				ASSETCATALOG_COMPILER_APPICON_NAME = AppIcon;
				GCC_PRECOMPILE_PREFIX_HEADER = YES;
				GCC_PREFIX_HEADER = "/Users/yangchao/codeManage/自定义tabbar/自定义tabbar/XDPrefixHeader.pch";
				INFOPLIST_FILE = "自定义tabbar/Info.plist";
				IPHONEOS_DEPLOYMENT_TARGET = 8.0;
				LD_RUNPATH_SEARCH_PATHS = "$(inherited) @executable_path/Frameworks";
				PRODUCT_BUNDLE_IDENTIFIER = "com.5u51.---tabbar";
				PRODUCT_NAME = "$(TARGET_NAME)";
			};
			name = Debug;
		};
		7103E3361C9945DA006BE342 /* Release */ = {
			isa = XCBuildConfiguration;
			baseConfigurationReference = 16EA8168B7E5EE41324477FE /* Pods.release.xcconfig */;
			buildSettings = {
				ASSETCATALOG_COMPILER_APPICON_NAME = AppIcon;
				GCC_PRECOMPILE_PREFIX_HEADER = YES;
				GCC_PREFIX_HEADER = "/Users/yangchao/codeManage/自定义tabbar/自定义tabbar/XDPrefixHeader.pch";
				INFOPLIST_FILE = "自定义tabbar/Info.plist";
				IPHONEOS_DEPLOYMENT_TARGET = 8.0;
				LD_RUNPATH_SEARCH_PATHS = "$(inherited) @executable_path/Frameworks";
				PRODUCT_BUNDLE_IDENTIFIER = "com.5u51.---tabbar";
				PRODUCT_NAME = "$(TARGET_NAME)";
			};
			name = Release;
		};
		7103E3381C9945DA006BE342 /* Debug */ = {
			isa = XCBuildConfiguration;
			buildSettings = {
				BUNDLE_LOADER = "$(TEST_HOST)";
				INFOPLIST_FILE = "自定义tabbarTests/Info.plist";
				LD_RUNPATH_SEARCH_PATHS = "$(inherited) @executable_path/Frameworks @loader_path/Frameworks";
				PRODUCT_BUNDLE_IDENTIFIER = "com.5u51.---tabbarTests";
				PRODUCT_NAME = "$(TARGET_NAME)";
				TEST_HOST = "$(BUILT_PRODUCTS_DIR)/自定义tabbar.app/自定义tabbar";
			};
			name = Debug;
		};
		7103E3391C9945DA006BE342 /* Release */ = {
			isa = XCBuildConfiguration;
			buildSettings = {
				BUNDLE_LOADER = "$(TEST_HOST)";
				INFOPLIST_FILE = "自定义tabbarTests/Info.plist";
				LD_RUNPATH_SEARCH_PATHS = "$(inherited) @executable_path/Frameworks @loader_path/Frameworks";
				PRODUCT_BUNDLE_IDENTIFIER = "com.5u51.---tabbarTests";
				PRODUCT_NAME = "$(TARGET_NAME)";
				TEST_HOST = "$(BUILT_PRODUCTS_DIR)/自定义tabbar.app/自定义tabbar";
			};
			name = Release;
		};
		7103E33B1C9945DA006BE342 /* Debug */ = {
			isa = XCBuildConfiguration;
			buildSettings = {
				INFOPLIST_FILE = "自定义tabbarUITests/Info.plist";
				LD_RUNPATH_SEARCH_PATHS = "$(inherited) @executable_path/Frameworks @loader_path/Frameworks";
				PRODUCT_BUNDLE_IDENTIFIER = "com.5u51.---tabbarUITests";
				PRODUCT_NAME = "$(TARGET_NAME)";
				TEST_TARGET_NAME = "自定义tabbar";
				USES_XCTRUNNER = YES;
			};
			name = Debug;
		};
		7103E33C1C9945DA006BE342 /* Release */ = {
			isa = XCBuildConfiguration;
			buildSettings = {
				INFOPLIST_FILE = "自定义tabbarUITests/Info.plist";
				LD_RUNPATH_SEARCH_PATHS = "$(inherited) @executable_path/Frameworks @loader_path/Frameworks";
				PRODUCT_BUNDLE_IDENTIFIER = "com.5u51.---tabbarUITests";
				PRODUCT_NAME = "$(TARGET_NAME)";
				TEST_TARGET_NAME = "自定义tabbar";
				USES_XCTRUNNER = YES;
			};
			name = Release;
		};
/* End XCBuildConfiguration section */

/* Begin XCConfigurationList section */
		7103E2FF1C9945D9006BE342 /* Build configuration list for PBXProject "自定义tabbar" */ = {
			isa = XCConfigurationList;
			buildConfigurations = (
				7103E3321C9945DA006BE342 /* Debug */,
				7103E3331C9945DA006BE342 /* Release */,
			);
			defaultConfigurationIsVisible = 0;
			defaultConfigurationName = Release;
		};
		7103E3341C9945DA006BE342 /* Build configuration list for PBXNativeTarget "自定义tabbar" */ = {
			isa = XCConfigurationList;
			buildConfigurations = (
				7103E3351C9945DA006BE342 /* Debug */,
				7103E3361C9945DA006BE342 /* Release */,
			);
			defaultConfigurationIsVisible = 0;
			defaultConfigurationName = Release;
		};
		7103E3371C9945DA006BE342 /* Build configuration list for PBXNativeTarget "自定义tabbarTests" */ = {
			isa = XCConfigurationList;
			buildConfigurations = (
				7103E3381C9945DA006BE342 /* Debug */,
				7103E3391C9945DA006BE342 /* Release */,
			);
			defaultConfigurationIsVisible = 0;
			defaultConfigurationName = Release;
		};
		7103E33A1C9945DA006BE342 /* Build configuration list for PBXNativeTarget "自定义tabbarUITests" */ = {
			isa = XCConfigurationList;
			buildConfigurations = (
				7103E33B1C9945DA006BE342 /* Debug */,
				7103E33C1C9945DA006BE342 /* Release */,
			);
			defaultConfigurationIsVisible = 0;
			defaultConfigurationName = Release;
		};
/* End XCConfigurationList section */
	};
	rootObject = 7103E2FC1C9945D9006BE342 /* Project object */;
}
